
Microsoft Visual Studio Solution File, Format Version 12.00
# Visual Studio Version 17
VisualStudioVersion = 17.9.34728.123
MinimumVisualStudioVersion = 10.0.40219.1
Project("{FAE04EC0-301F-11D3-BF4B-00C04F79EFBC}") = "Arqtech", "Arqtech\Arqtech.csproj", "{D5879091-2505-4E1A-928D-011E0DD9F566}"
EndProject
Global
	GlobalSection(SolutionConfigurationPlatforms) = preSolution
		Debug|Any CPU = Debug|Any CPU
		Release|Any CPU = Release|Any CPU
	EndGlobalSection
	GlobalSection(ProjectConfigurationPlatforms) = postSolution
		{D5879091-2505-4E1A-928D-011E0DD9F566}.Debug|Any CPU.ActiveCfg = Debug|Any CPU
		{D5879091-2505-4E1A-928D-011E0DD9F566}.Debug|Any CPU.Build.0 = Debug|Any CPU
		{D5879091-2505-4E1A-928D-011E0DD9F566}.Release|Any CPU.ActiveCfg = Release|Any CPU
		{D5879091-2505-4E1A-928D-011E0DD9F566}.Release|Any CPU.Build.0 = Release|Any CPU
	EndGlobalSection
	GlobalSection(SolutionProperties) = preSolution
		HideSolutionNode = FALSE
	EndGlobalSection
	GlobalSection(ExtensibilityGlobals) = postSolution
		SolutionGuid = {4DD12139-B19B-4EAD-9423-8CD0220FF61E}
	EndGlobalSection
EndGlobal
